
Microsoft Visual Studio Solution File, Format Version 12.00
# Visual Studio Version 17
VisualStudioVersion = 17.5.33424.131
MinimumVisualStudioVersion = 10.0.40219.1
Project("{9A19103F-16F7-4668-BE54-9A1E7A4F7556}") = "PetServices", "PetServices\PetServices.csproj", "{08449016-945F-4F20-9994-818423CA6880}"
EndProject
Project("{FAE04EC0-301F-11D3-BF4B-00C04F79EFBC}") = "UnitTest", "UnitTest\UnitTest.csproj", "{E65129C1-F0C3-4CC9-A70B-181C54C858EE}"
EndProject
Global
	GlobalSection(SolutionConfigurationPlatforms) = preSolution
		Debug|Any CPU = Debug|Any CPU
		Release|Any CPU = Release|Any CPU
	EndGlobalSection
	GlobalSection(ProjectConfigurationPlatforms) = postSolution
		{08449016-945F-4F20-9994-818423CA6880}.Debug|Any CPU.ActiveCfg = Debug|Any CPU
		{08449016-945F-4F20-9994-818423CA6880}.Debug|Any CPU.Build.0 = Debug|Any CPU
		{08449016-945F-4F20-9994-818423CA6880}.Release|Any CPU.ActiveCfg = Release|Any CPU
		{08449016-945F-4F20-9994-818423CA6880}.Release|Any CPU.Build.0 = Release|Any CPU
		{E65129C1-F0C3-4CC9-A70B-181C54C858EE}.Debug|Any CPU.ActiveCfg = Debug|Any CPU
		{E65129C1-F0C3-4CC9-A70B-181C54C858EE}.Debug|Any CPU.Build.0 = Debug|Any CPU
		{E65129C1-F0C3-4CC9-A70B-181C54C858EE}.Release|Any CPU.ActiveCfg = Release|Any CPU
		{E65129C1-F0C3-4CC9-A70B-181C54C858EE}.Release|Any CPU.Build.0 = Release|Any CPU
	EndGlobalSection
	GlobalSection(SolutionProperties) = preSolution
		HideSolutionNode = FALSE
	EndGlobalSection
	GlobalSection(ExtensibilityGlobals) = postSolution
		SolutionGuid = {27C6840C-E9E5-42B0-907C-FAA548E6A7D9}
	EndGlobalSection
EndGlobal
